
Microsoft Visual Studio Solution File, Format Version 12.00
# Visual Studio Version 16
VisualStudioVersion = 16.0.30517.126
MinimumVisualStudioVersion = 10.0.40219.1
Project("{FAE04EC0-301F-11D3-BF4B-00C04F79EFBC}") = "Visual_Exemplo2", "Visual_Exemplo2\Visual_Exemplo2.csproj", "{A3AA553D-6A78-4DF6-AC1D-505DE3A2C733}"
EndProject
Global
	GlobalSection(SolutionConfigurationPlatforms) = preSolution
		Debug|Any CPU = Debug|Any CPU
		Release|Any CPU = Release|Any CPU
	EndGlobalSection
	GlobalSection(ProjectConfigurationPlatforms) = postSolution
		{A3AA553D-6A78-4DF6-AC1D-505DE3A2C733}.Debug|Any CPU.ActiveCfg = Debug|Any CPU
		{A3AA553D-6A78-4DF6-AC1D-505DE3A2C733}.Debug|Any CPU.Build.0 = Debug|Any CPU
		{A3AA553D-6A78-4DF6-AC1D-505DE3A2C733}.Release|Any CPU.ActiveCfg = Release|Any CPU
		{A3AA553D-6A78-4DF6-AC1D-505DE3A2C733}.Release|Any CPU.Build.0 = Release|Any CPU
	EndGlobalSection
	GlobalSection(SolutionProperties) = preSolution
		HideSolutionNode = FALSE
	EndGlobalSection
	GlobalSection(ExtensibilityGlobals) = postSolution
		SolutionGuid = {0AFAA23E-CEA4-4D75-9FC7-8DB5F19F005B}
	EndGlobalSection
EndGlobal
